// !$*UTF8*$!
{
	archiveVersion = 1;
	classes = {
	};
	objectVersion = 48;
	objects = {

/* Begin PBXBuildFile section */
		104C6A8C204C768700B37EAA /* AppDelegate.swift in Sources */ = {isa = PBXBuildFile; fileRef = 104C6A8B204C768700B37EAA /* AppDelegate.swift */; };
		104C6A91204C768700B37EAA /* Main.storyboard in Resources */ = {isa = PBXBuildFile; fileRef = 104C6A8F204C768700B37EAA /* Main.storyboard */; };
		104C6A93204C768700B37EAA /* Assets.xcassets in Resources */ = {isa = PBXBuildFile; fileRef = 104C6A92204C768700B37EAA /* Assets.xcassets */; };
		104C6A96204C768700B37EAA /* LaunchScreen.storyboard in Resources */ = {isa = PBXBuildFile; fileRef = 104C6A94204C768700B37EAA /* LaunchScreen.storyboard */; };
		104C6AA1204C768700B37EAA /* Music_PlayerTests.swift in Sources */ = {isa = PBXBuildFile; fileRef = 104C6AA0204C768700B37EAA /* Music_PlayerTests.swift */; };
		104C6AAC204C768700B37EAA /* Music_PlayerUITests.swift in Sources */ = {isa = PBXBuildFile; fileRef = 104C6AAB204C768700B37EAA /* Music_PlayerUITests.swift */; };
		104C6ABA204C770400B37EAA /* ViewController.swift in Sources */ = {isa = PBXBuildFile; fileRef = 104C6AB9204C770400B37EAA /* ViewController.swift */; };
/* End PBXBuildFile section */

/* Begin PBXContainerItemProxy section */
		104C6A9D204C768700B37EAA /* PBXContainerItemProxy */ = {
			isa = PBXContainerItemProxy;
			containerPortal = 104C6A80204C768700B37EAA /* Project object */;
			proxyType = 1;
			remoteGlobalIDString = 104C6A87204C768700B37EAA;
			remoteInfo = "Music Player";
		};
		104C6AA8204C768700B37EAA /* PBXContainerItemProxy */ = {
			isa = PBXContainerItemProxy;
			containerPortal = 104C6A80204C768700B37EAA /* Project object */;
			proxyType = 1;
			remoteGlobalIDString = 104C6A87204C768700B37EAA;
			remoteInfo = "Music Player";
		};
/* End PBXContainerItemProxy section */

/* Begin PBXFileReference section */
		104C6A88204C768700B37EAA /* Music Player.app */ = {isa = PBXFileReference; explicitFileType = wrapper.application; includeInIndex = 0; path = "Music Player.app"; sourceTree = BUILT_PRODUCTS_DIR; };
		104C6A8B204C768700B37EAA /* AppDelegate.swift */ = {isa = PBXFileReference; lastKnownFileType = sourcecode.swift; path = AppDelegate.swift; sourceTree = "<group>"; };
		104C6A90204C768700B37EAA /* Base */ = {isa = PBXFileReference; lastKnownFileType = file.storyboard; name = Base; path = Base.lproj/Main.storyboard; sourceTree = "<group>"; };
		104C6A92204C768700B37EAA /* Assets.xcassets */ = {isa = PBXFileReference; lastKnownFileType = folder.assetcatalog; path = Assets.xcassets; sourceTree = "<group>"; };
		104C6A95204C768700B37EAA /* Base */ = {isa = PBXFileReference; lastKnownFileType = file.storyboard; name = Base; path = Base.lproj/LaunchScreen.storyboard; sourceTree = "<group>"; };
		104C6A97204C768700B37EAA /* Info.plist */ = {isa = PBXFileReference; lastKnownFileType = text.plist.xml; path = Info.plist; sourceTree = "<group>"; };
		104C6A9C204C768700B37EAA /* Music PlayerTests.xctest */ = {isa = PBXFileReference; explicitFileType = wrapper.cfbundle; includeInIndex = 0; path = "Music PlayerTests.xctest"; sourceTree = BUILT_PRODUCTS_DIR; };
		104C6AA0204C768700B37EAA /* Music_PlayerTests.swift */ = {isa = PBXFileReference; lastKnownFileType = sourcecode.swift; path = Music_PlayerTests.swift; sourceTree = "<group>"; };
		104C6AA2204C768700B37EAA /* Info.plist */ = {isa = PBXFileReference; lastKnownFileType = text.plist.xml; path = Info.plist; sourceTree = "<group>"; };
		104C6AA7204C768700B37EAA /* Music PlayerUITests.xctest */ = {isa = PBXFileReference; explicitFileType = wrapper.cfbundle; includeInIndex = 0; path = "Music PlayerUITests.xctest"; sourceTree = BUILT_PRODUCTS_DIR; };
		104C6AAB204C768700B37EAA /* Music_PlayerUITests.swift */ = {isa = PBXFileReference; lastKnownFileType = sourcecode.swift; path = Music_PlayerUITests.swift; sourceTree = "<group>"; };
		104C6AAD204C768700B37EAA /* Info.plist */ = {isa = PBXFileReference; lastKnownFileType = text.plist.xml; path = Info.plist; sourceTree = "<group>"; };
		104C6AB9204C770400B37EAA /* ViewController.swift */ = {isa = PBXFileReference; lastKnownFileType = sourcecode.swift; path = ViewController.swift; sourceTree = "<group>"; };
/* End PBXFileReference section */

/* Begin PBXFrameworksBuildPhase section */
		104C6A85204C768700B37EAA /* Frameworks */ = {
			isa = PBXFrameworksBuildPhase;
			buildActionMask = 2147483647;
			files = (
			);
			runOnlyForDeploymentPostprocessing = 0;
		};
		104C6A99204C768700B37EAA /* Frameworks */ = {
			isa = PBXFrameworksBuildPhase;
			buildActionMask = 2147483647;
			files = (
			);
			runOnlyForDeploymentPostprocessing = 0;
		};
		104C6AA4204C768700B37EAA /* Frameworks */ = {
			isa = PBXFrameworksBuildPhase;
			buildActionMask = 2147483647;
			files = (
			);
			runOnlyForDeploymentPostprocessing = 0;
		};
/* End PBXFrameworksBuildPhase section */

/* Begin PBXGroup section */
		104C6A7F204C768700B37EAA = {
			isa = PBXGroup;
			children = (
				104C6A8A204C768700B37EAA /* Music Player */,
				104C6A9F204C768700B37EAA /* Music PlayerTests */,
				104C6AAA204C768700B37EAA /* Music PlayerUITests */,
				104C6A89204C768700B37EAA /* Products */,
			);
			sourceTree = "<group>";
		};
		104C6A89204C768700B37EAA /* Products */ = {
			isa = PBXGroup;
			children = (
				104C6A88204C768700B37EAA /* Music Player.app */,
				104C6A9C204C768700B37EAA /* Music PlayerTests.xctest */,
				104C6AA7204C768700B37EAA /* Music PlayerUITests.xctest */,
			);
			name = Products;
			sourceTree = "<group>";
		};
		104C6A8A204C768700B37EAA /* Music Player */ = {
			isa = PBXGroup;
			children = (
				104C6A8B204C768700B37EAA /* AppDelegate.swift */,
				104C6A8F204C768700B37EAA /* Main.storyboard */,
				104C6A92204C768700B37EAA /* Assets.xcassets */,
				104C6A94204C768700B37EAA /* LaunchScreen.storyboard */,
				104C6A97204C768700B37EAA /* Info.plist */,
				104C6AB9204C770400B37EAA /* ViewController.swift */,
			);
			path = "Music Player";
			sourceTree = "<group>";
		};
		104C6A9F204C768700B37EAA /* Music PlayerTests */ = {
			isa = PBXGroup;
			children = (
				104C6AA0204C768700B37EAA /* Music_PlayerTests.swift */,
				104C6AA2204C768700B37EAA /* Info.plist */,
			);
			path = "Music PlayerTests";
			sourceTree = "<group>";
		};
		104C6AAA204C768700B37EAA /* Music PlayerUITests */ = {
			isa = PBXGroup;
			children = (
				104C6AAB204C768700B37EAA /* Music_PlayerUITests.swift */,
				104C6AAD204C768700B37EAA /* Info.plist */,
			);
			path = "Music PlayerUITests";
			sourceTree = "<group>";
		};
/* End PBXGroup section */

/* Begin PBXNativeTarget section */
		104C6A87204C768700B37EAA /* Music Player */ = {
			isa = PBXNativeTarget;
			buildConfigurationList = 104C6AB0204C768700B37EAA /* Build configuration list for PBXNativeTarget "Music Player" */;
			buildPhases = (
				104C6A84204C768700B37EAA /* Sources */,
				104C6A85204C768700B37EAA /* Frameworks */,
				104C6A86204C768700B37EAA /* Resources */,
			);
			buildRules = (
			);
			dependencies = (
			);
			name = "Music Player";
			productName = "Music Player";
			productReference = 104C6A88204C768700B37EAA /* Music Player.app */;
			productType = "com.apple.product-type.application";
		};
		104C6A9B204C768700B37EAA /* Music PlayerTests */ = {
			isa = PBXNativeTarget;
			buildConfigurationList = 104C6AB3204C768700B37EAA /* Build configuration list for PBXNativeTarget "Music PlayerTests" */;
			buildPhases = (
				104C6A98204C768700B37EAA /* Sources */,
				104C6A99204C768700B37EAA /* Frameworks */,
				104C6A9A204C768700B37EAA /* Resources */,
			);
			buildRules = (
			);
			dependencies = (
				104C6A9E204C768700B37EAA /* PBXTargetDependency */,
			);
			name = "Music PlayerTests";
			productName = "Music PlayerTests";
			productReference = 104C6A9C204C768700B37EAA /* Music PlayerTests.xctest */;
			productType = "com.apple.product-type.bundle.unit-test";
		};
		104C6AA6204C768700B37EAA /* Music PlayerUITests */ = {
			isa = PBXNativeTarget;
			buildConfigurationList = 104C6AB6204C768700B37EAA /* Build configuration list for PBXNativeTarget "Music PlayerUITests" */;
			buildPhases = (
				104C6AA3204C768700B37EAA /* Sources */,
				104C6AA4204C768700B37EAA /* Frameworks */,
				104C6AA5204C768700B37EAA /* Resources */,
			);
			buildRules = (
			);
			dependencies = (
				104C6AA9204C768700B37EAA /* PBXTargetDependency */,
			);
			name = "Music PlayerUITests";
			productName = "Music PlayerUITests";
			productReference = 104C6AA7204C768700B37EAA /* Music PlayerUITests.xctest */;
			productType = "com.apple.product-type.bundle.ui-testing";
		};
/* End PBXNativeTarget section */

/* Begin PBXProject section */
		104C6A80204C768700B37EAA /* Project object */ = {
			isa = PBXProject;
			attributes = {
				LastSwiftUpdateCheck = 0920;
				LastUpgradeCheck = 0920;
				ORGANIZATIONNAME = "Brandon Martin";
				TargetAttributes = {
					104C6A87204C768700B37EAA = {
						CreatedOnToolsVersion = 9.2;
						ProvisioningStyle = Automatic;
					};
					104C6A9B204C768700B37EAA = {
						CreatedOnToolsVersion = 9.2;
						ProvisioningStyle = Automatic;
						TestTargetID = 104C6A87204C768700B37EAA;
					};
					104C6AA6204C768700B37EAA = {
						CreatedOnToolsVersion = 9.2;
						ProvisioningStyle = Automatic;
						TestTargetID = 104C6A87204C768700B37EAA;
					};
				};
			};
			buildConfigurationList = 104C6A83204C768700B37EAA /* Build configuration list for PBXProject "Music Player" */;
			compatibilityVersion = "Xcode 8.0";
			developmentRegion = en;
			hasScannedForEncodings = 0;
			knownRegions = (
				en,
				Base,
			);
			mainGroup = 104C6A7F204C768700B37EAA;
			productRefGroup = 104C6A89204C768700B37EAA /* Products */;
			projectDirPath = "";
			projectRoot = "";
			targets = (
				104C6A87204C768700B37EAA /* Music Player */,
				104C6A9B204C768700B37EAA /* Music PlayerTests */,
				104C6AA6204C768700B37EAA /* Music PlayerUITests */,
			);
		};
/* End PBXProject section */

/* Begin PBXResourcesBuildPhase section */
		104C6A86204C768700B37EAA /* Resources */ = {
			isa = PBXResourcesBuildPhase;
			buildActionMask = 2147483647;
			files = (
				104C6A96204C768700B37EAA /* LaunchScreen.storyboard in Resources */,
				104C6A93204C768700B37EAA /* Assets.xcassets in Resources */,
				104C6A91204C768700B37EAA /* Main.storyboard in Resources */,
			);
			runOnlyForDeploymentPostprocessing = 0;
		};
		104C6A9A204C768700B37EAA /* Resources */ = {
			isa = PBXResourcesBuildPhase;
			buildActionMask = 2147483647;
			files = (
			);
			runOnlyForDeploymentPostprocessing = 0;
		};
		104C6AA5204C768700B37EAA /* Resources */ = {
			isa = PBXResourcesBuildPhase;
			buildActionMask = 2147483647;
			files = (
			);
			runOnlyForDeploymentPostprocessing = 0;
		};
/* End PBXResourcesBuildPhase section */

/* Begin PBXSourcesBuildPhase section */
		104C6A84204C768700B37EAA /* Sources */ = {
			isa = PBXSourcesBuildPhase;
			buildActionMask = 2147483647;
			files = (
				104C6ABA204C770400B37EAA /* ViewController.swift in Sources */,
				104C6A8C204C768700B37EAA /* AppDelegate.swift in Sources */,
			);
			runOnlyForDeploymentPostprocessing = 0;
		};
		104C6A98204C768700B37EAA /* Sources */ = {
			isa = PBXSourcesBuildPhase;
			buildActionMask = 2147483647;
			files = (
				104C6AA1204C768700B37EAA /* Music_PlayerTests.swift in Sources */,
			);
			runOnlyForDeploymentPostprocessing = 0;
		};
		104C6AA3204C768700B37EAA /* Sources */ = {
			isa = PBXSourcesBuildPhase;
			buildActionMask = 2147483647;
			files = (
				104C6AAC204C768700B37EAA /* Music_PlayerUITests.swift in Sources */,
			);
			runOnlyForDeploymentPostprocessing = 0;
		};
/* End PBXSourcesBuildPhase section */

/* Begin PBXTargetDependency section */
		104C6A9E204C768700B37EAA /* PBXTargetDependency */ = {
			isa = PBXTargetDependency;
			target = 104C6A87204C768700B37EAA /* Music Player */;
			targetProxy = 104C6A9D204C768700B37EAA /* PBXContainerItemProxy */;
		};
		104C6AA9204C768700B37EAA /* PBXTargetDependency */ = {
			isa = PBXTargetDependency;
			target = 104C6A87204C768700B37EAA /* Music Player */;
			targetProxy = 104C6AA8204C768700B37EAA /* PBXContainerItemProxy */;
		};
/* End PBXTargetDependency section */

/* Begin PBXVariantGroup section */
		104C6A8F204C768700B37EAA /* Main.storyboard */ = {
			isa = PBXVariantGroup;
			children = (
				104C6A90204C768700B37EAA /* Base */,
			);
			name = Main.storyboard;
			sourceTree = "<group>";
		};
		104C6A94204C768700B37EAA /* LaunchScreen.storyboard */ = {
			isa = PBXVariantGroup;
			children = (
				104C6A95204C768700B37EAA /* Base */,
			);
			name = LaunchScreen.storyboard;
			sourceTree = "<group>";
		};
/* End PBXVariantGroup section */

/* Begin XCBuildConfiguration section */
		104C6AAE204C768700B37EAA /* Debug */ = {
			isa = XCBuildConfiguration;
			buildSettings = {
				ALWAYS_SEARCH_USER_PATHS = NO;
				CLANG_ANALYZER_NONNULL = YES;
				CLANG_ANALYZER_NUMBER_OBJECT_CONVERSION = YES_AGGRESSIVE;
				CLANG_CXX_LANGUAGE_STANDARD = "gnu++14";
				CLANG_CXX_LIBRARY = "libc++";
				CLANG_ENABLE_MODULES = YES;
				CLANG_ENABLE_OBJC_ARC = YES;
				CLANG_WARN_BLOCK_CAPTURE_AUTORELEASING = YES;
				CLANG_WARN_BOOL_CONVERSION = YES;
				CLANG_WARN_COMMA = YES;
				CLANG_WARN_CONSTANT_CONVERSION = YES;
				CLANG_WARN_DIRECT_OBJC_ISA_USAGE = YES_ERROR;
				CLANG_WARN_DOCUMENTATION_COMMENTS = YES;
				CLANG_WARN_EMPTY_BODY = YES;
				CLANG_WARN_ENUM_CONVERSION = YES;
				CLANG_WARN_INFINITE_RECURSION = YES;
				CLANG_WARN_INT_CONVERSION = YES;
				CLANG_WARN_NON_LITERAL_NULL_CONVERSION = YES;
				CLANG_WARN_OBJC_LITERAL_CONVERSION = YES;
				CLANG_WARN_OBJC_ROOT_CLASS = YES_ERROR;
				CLANG_WARN_RANGE_LOOP_ANALYSIS = YES;
				CLANG_WARN_STRICT_PROTOTYPES = YES;
				CLANG_WARN_SUSPICIOUS_MOVE = YES;
				CLANG_WARN_UNGUARDED_AVAILABILITY = YES_AGGRESSIVE;
				CLANG_WARN_UNREACHABLE_CODE = YES;
				CLANG_WARN__DUPLICATE_METHOD_MATCH = YES;
				CODE_SIGN_IDENTITY = "iPhone Developer";
				COPY_PHASE_STRIP = NO;
				DEBUG_INFORMATION_FORMAT = dwarf;
				ENABLE_STRICT_OBJC_MSGSEND = YES;
				ENABLE_TESTABILITY = YES;
				GCC_C_LANGUAGE_STANDARD = gnu11;
				GCC_DYNAMIC_NO_PIC = NO;
				GCC_NO_COMMON_BLOCKS = YES;
				GCC_OPTIMIZATION_LEVEL = 0;
				GCC_PREPROCESSOR_DEFINITIONS = (
					"DEBUG=1",
					"$(inherited)",
				);
				GCC_WARN_64_TO_32_BIT_CONVERSION = YES;
				GCC_WARN_ABOUT_RETURN_TYPE = YES_ERROR;
				GCC_WARN_UNDECLARED_SELECTOR = YES;
				GCC_WARN_UNINITIALIZED_AUTOS = YES_AGGRESSIVE;
				GCC_WARN_UNUSED_FUNCTION = YES;
				GCC_WARN_UNUSED_VARIABLE = YES;
				IPHONEOS_DEPLOYMENT_TARGET = 11.2;
				MTL_ENABLE_DEBUG_INFO = YES;
				ONLY_ACTIVE_ARCH = YES;
				SDKROOT = iphoneos;
				SWIFT_ACTIVE_COMPILATION_CONDITIONS = DEBUG;
				SWIFT_OPTIMIZATION_LEVEL = "-Onone";
			};
			name = Debug;
		};
		104C6AAF204C768700B37EAA /* Release */ = {
			isa = XCBuildConfiguration;
			buildSettings = {
				ALWAYS_SEARCH_USER_PATHS = NO;
				CLANG_ANALYZER_NONNULL = YES;
				CLANG_ANALYZER_NUMBER_OBJECT_CONVERSION = YES_AGGRESSIVE;
				CLANG_CXX_LANGUAGE_STANDARD = "gnu++14";
				CLANG_CXX_LIBRARY = "libc++";
				CLANG_ENABLE_MODULES = YES;
				CLANG_ENABLE_OBJC_ARC = YES;
				CLANG_WARN_BLOCK_CAPTURE_AUTORELEASING = YES;
				CLANG_WARN_BOOL_CONVERSION = YES;
				CLANG_WARN_COMMA = YES;
				CLANG_WARN_CONSTANT_CONVERSION = YES;
				CLANG_WARN_DIRECT_OBJC_ISA_USAGE = YES_ERROR;
				CLANG_WARN_DOCUMENTATION_COMMENTS = YES;
				CLANG_WARN_EMPTY_BODY = YES;
				CLANG_WARN_ENUM_CONVERSION = YES;
				CLANG_WARN_INFINITE_RECURSION = YES;
				CLANG_WARN_INT_CONVERSION = YES;
				CLANG_WARN_NON_LITERAL_NULL_CONVERSION = YES;
				CLANG_WARN_OBJC_LITERAL_CONVERSION = YES;
				CLANG_WARN_OBJC_ROOT_CLASS = YES_ERROR;
				CLANG_WARN_RANGE_LOOP_ANALYSIS = YES;
				CLANG_WARN_STRICT_PROTOTYPES = YES;
				CLANG_WARN_SUSPICIOUS_MOVE = YES;
				CLANG_WARN_UNGUARDED_AVAILABILITY = YES_AGGRESSIVE;
				CLANG_WARN_UNREACHABLE_CODE = YES;
				CLANG_WARN__DUPLICATE_METHOD_MATCH = YES;
				CODE_SIGN_IDENTITY = "iPhone Developer";
				COPY_PHASE_STRIP = NO;
				DEBUG_INFORMATION_FORMAT = "dwarf-with-dsym";
				ENABLE_NS_ASSERTIONS = NO;
				ENABLE_STRICT_OBJC_MSGSEND = YES;
				GCC_C_LANGUAGE_STANDARD = gnu11;
				GCC_NO_COMMON_BLOCKS = YES;
				GCC_WARN_64_TO_32_BIT_CONVERSION = YES;
				GCC_WARN_ABOUT_RETURN_TYPE = YES_ERROR;
				GCC_WARN_UNDECLARED_SELECTOR = YES;
				GCC_WARN_UNINITIALIZED_AUTOS = YES_AGGRESSIVE;
				GCC_WARN_UNUSED_FUNCTION = YES;
				GCC_WARN_UNUSED_VARIABLE = YES;
				IPHONEOS_DEPLOYMENT_TARGET = 11.2;
				MTL_ENABLE_DEBUG_INFO = NO;
				SDKROOT = iphoneos;
				SWIFT_OPTIMIZATION_LEVEL = "-Owholemodule";
				VALIDATE_PRODUCT = YES;
			};
			name = Release;
		};
		104C6AB1204C768700B37EAA /* Debug */ = {
			isa = XCBuildConfiguration;
			buildSettings = {
				ASSETCATALOG_COMPILER_APPICON_NAME = AppIcon;
				CODE_SIGN_STYLE = Automatic;
				DEVELOPMENT_TEAM = 2B2KNDT9Y9;
				INFOPLIST_FILE = "Music Player/Info.plist";
				LD_RUNPATH_SEARCH_PATHS = "$(inherited) @executable_path/Frameworks";
				PRODUCT_BUNDLE_IDENTIFIER = "App.Music-Player";
				PRODUCT_NAME = "$(TARGET_NAME)";
				SWIFT_VERSION = 4.0;
				TARGETED_DEVICE_FAMILY = "1,2";
			};
			name = Debug;
		};
		104C6AB2204C768700B37EAA /* Release */ = {
			isa = XCBuildConfiguration;
			buildSettings = {
				ASSETCATALOG_COMPILER_APPICON_NAME = AppIcon;
				CODE_SIGN_STYLE = Automatic;
				DEVELOPMENT_TEAM = 2B2KNDT9Y9;
				INFOPLIST_FILE = "Music Player/Info.plist";
				LD_RUNPATH_SEARCH_PATHS = "$(inherited) @executable_path/Frameworks";
				PRODUCT_BUNDLE_IDENTIFIER = "App.Music-Player";
				PRODUCT_NAME = "$(TARGET_NAME)";
				SWIFT_VERSION = 4.0;
				TARGETED_DEVICE_FAMILY = "1,2";
			};
			name = Release;
		};
		104C6AB4204C768700B37EAA /* Debug */ = {
			isa = XCBuildConfiguration;
			buildSettings = {
				ALWAYS_EMBED_SWIFT_STANDARD_LIBRARIES = YES;
				BUNDLE_LOADER = "$(TEST_HOST)";
				CODE_SIGN_STYLE = Automatic;
				INFOPLIST_FILE = "Music PlayerTests/Info.plist";
				LD_RUNPATH_SEARCH_PATHS = "$(inherited) @executable_path/Frameworks @loader_path/Frameworks";
				PRODUCT_BUNDLE_IDENTIFIER = "App.Music-PlayerTests";
				PRODUCT_NAME = "$(TARGET_NAME)";
				SWIFT_VERSION = 4.0;
				TARGETED_DEVICE_FAMILY = "1,2";
				TEST_HOST = "$(BUILT_PRODUCTS_DIR)/Music Player.app/Music Player";
			};
			name = Debug;
		};
		104C6AB5204C768700B37EAA /* Release */ = {
			isa = XCBuildConfiguration;
			buildSettings = {
				ALWAYS_EMBED_SWIFT_STANDARD_LIBRARIES = YES;
				BUNDLE_LOADER = "$(TEST_HOST)";
				CODE_SIGN_STYLE = Automatic;
				INFOPLIST_FILE = "Music PlayerTests/Info.plist";
				LD_RUNPATH_SEARCH_PATHS = "$(inherited) @executable_path/Frameworks @loader_path/Frameworks";
				PRODUCT_BUNDLE_IDENTIFIER = "App.Music-PlayerTests";
				PRODUCT_NAME = "$(TARGET_NAME)";
				SWIFT_VERSION = 4.0;
				TARGETED_DEVICE_FAMILY = "1,2";
				TEST_HOST = "$(BUILT_PRODUCTS_DIR)/Music Player.app/Music Player";
			};
			name = Release;
		};
		104C6AB7204C768700B37EAA /* Debug */ = {
			isa = XCBuildConfiguration;
			buildSettings = {
				ALWAYS_EMBED_SWIFT_STANDARD_LIBRARIES = YES;
				CODE_SIGN_STYLE = Automatic;
				INFOPLIST_FILE = "Music PlayerUITests/Info.plist";
				LD_RUNPATH_SEARCH_PATHS = "$(inherited) @executable_path/Frameworks @loader_path/Frameworks";
				PRODUCT_BUNDLE_IDENTIFIER = "App.Music-PlayerUITests";
				PRODUCT_NAME = "$(TARGET_NAME)";
				SWIFT_VERSION = 4.0;
				TARGETED_DEVICE_FAMILY = "1,2";
				TEST_TARGET_NAME = "Music Player";
			};
			name = Debug;
		};
		104C6AB8204C768700B37EAA /* Release */ = {
			isa = XCBuildConfiguration;
			buildSettings = {
				ALWAYS_EMBED_SWIFT_STANDARD_LIBRARIES = YES;
				CODE_SIGN_STYLE = Automatic;
				INFOPLIST_FILE = "Music PlayerUITests/Info.plist";
				LD_RUNPATH_SEARCH_PATHS = "$(inherited) @executable_path/Frameworks @loader_path/Frameworks";
				PRODUCT_BUNDLE_IDENTIFIER = "App.Music-PlayerUITests";
				PRODUCT_NAME = "$(TARGET_NAME)";
				SWIFT_VERSION = 4.0;
				TARGETED_DEVICE_FAMILY = "1,2";
				TEST_TARGET_NAME = "Music Player";
			};
			name = Release;
		};
/* End XCBuildConfiguration section */

/* Begin XCConfigurationList section */
		104C6A83204C768700B37EAA /* Build configuration list for PBXProject "Music Player" */ = {
			isa = XCConfigurationList;
			buildConfigurations = (
				104C6AAE204C768700B37EAA /* Debug */,
				104C6AAF204C768700B37EAA /* Release */,
			);
			defaultConfigurationIsVisible = 0;
			defaultConfigurationName = Release;
		};
		104C6AB0204C768700B37EAA /* Build configuration list for PBXNativeTarget "Music Player" */ = {
			isa = XCConfigurationList;
			buildConfigurations = (
				104C6AB1204C768700B37EAA /* Debug */,
				104C6AB2204C768700B37EAA /* Release */,
			);
			defaultConfigurationIsVisible = 0;
			defaultConfigurationName = Release;
		};
		104C6AB3204C768700B37EAA /* Build configuration list for PBXNativeTarget "Music PlayerTests" */ = {
			isa = XCConfigurationList;
			buildConfigurations = (
				104C6AB4204C768700B37EAA /* Debug */,
				104C6AB5204C768700B37EAA /* Release */,
			);
			defaultConfigurationIsVisible = 0;
			defaultConfigurationName = Release;
		};
		104C6AB6204C768700B37EAA /* Build configuration list for PBXNativeTarget "Music PlayerUITests" */ = {
			isa = XCConfigurationList;
			buildConfigurations = (
				104C6AB7204C768700B37EAA /* Debug */,
				104C6AB8204C768700B37EAA /* Release */,
			);
			defaultConfigurationIsVisible = 0;
			defaultConfigurationName = Release;
		};
/* End XCConfigurationList section */
	};
	rootObject = 104C6A80204C768700B37EAA /* Project object */;
}
