// !$*UTF8*$!
{
	archiveVersion = 1;
	classes = {
	};
	objectVersion = 48;
	objects = {

/* Begin PBXBuildFile section */
		104C6A1820324EE700B37EAA /* AppDelegate.swift in Sources */ = {isa = PBXBuildFile; fileRef = 104C6A1720324EE700B37EAA /* AppDelegate.swift */; };
		104C6A1A20324EE700B37EAA /* ViewController.swift in Sources */ = {isa = PBXBuildFile; fileRef = 104C6A1920324EE700B37EAA /* ViewController.swift */; };
		104C6A1D20324EE700B37EAA /* Main.storyboard in Resources */ = {isa = PBXBuildFile; fileRef = 104C6A1B20324EE700B37EAA /* Main.storyboard */; };
		104C6A1F20324EE700B37EAA /* Assets.xcassets in Resources */ = {isa = PBXBuildFile; fileRef = 104C6A1E20324EE700B37EAA /* Assets.xcassets */; };
		104C6A2220324EE700B37EAA /* LaunchScreen.storyboard in Resources */ = {isa = PBXBuildFile; fileRef = 104C6A2020324EE700B37EAA /* LaunchScreen.storyboard */; };
		104C6A2D20324EE700B37EAA /* Brandon_Martin_First_AppTests.swift in Sources */ = {isa = PBXBuildFile; fileRef = 104C6A2C20324EE700B37EAA /* Brandon_Martin_First_AppTests.swift */; };
		104C6A3820324EE700B37EAA /* Brandon_Martin_First_AppUITests.swift in Sources */ = {isa = PBXBuildFile; fileRef = 104C6A3720324EE700B37EAA /* Brandon_Martin_First_AppUITests.swift */; };
/* End PBXBuildFile section */

/* Begin PBXContainerItemProxy section */
		104C6A2920324EE700B37EAA /* PBXContainerItemProxy */ = {
			isa = PBXContainerItemProxy;
			containerPortal = 104C6A0C20324EE600B37EAA /* Project object */;
			proxyType = 1;
			remoteGlobalIDString = 104C6A1320324EE600B37EAA;
			remoteInfo = "Brandon Martin First App";
		};
		104C6A3420324EE700B37EAA /* PBXContainerItemProxy */ = {
			isa = PBXContainerItemProxy;
			containerPortal = 104C6A0C20324EE600B37EAA /* Project object */;
			proxyType = 1;
			remoteGlobalIDString = 104C6A1320324EE600B37EAA;
			remoteInfo = "Brandon Martin First App";
		};
/* End PBXContainerItemProxy section */

/* Begin PBXFileReference section */
		104C6A1420324EE700B37EAA /* Brandon Martin First App.app */ = {isa = PBXFileReference; explicitFileType = wrapper.application; includeInIndex = 0; path = "Brandon Martin First App.app"; sourceTree = BUILT_PRODUCTS_DIR; };
		104C6A1720324EE700B37EAA /* AppDelegate.swift */ = {isa = PBXFileReference; lastKnownFileType = sourcecode.swift; path = AppDelegate.swift; sourceTree = "<group>"; };
		104C6A1920324EE700B37EAA /* ViewController.swift */ = {isa = PBXFileReference; lastKnownFileType = sourcecode.swift; path = ViewController.swift; sourceTree = "<group>"; };
		104C6A1C20324EE700B37EAA /* Base */ = {isa = PBXFileReference; lastKnownFileType = file.storyboard; name = Base; path = Base.lproj/Main.storyboard; sourceTree = "<group>"; };
		104C6A1E20324EE700B37EAA /* Assets.xcassets */ = {isa = PBXFileReference; lastKnownFileType = folder.assetcatalog; path = Assets.xcassets; sourceTree = "<group>"; };
		104C6A2120324EE700B37EAA /* Base */ = {isa = PBXFileReference; lastKnownFileType = file.storyboard; name = Base; path = Base.lproj/LaunchScreen.storyboard; sourceTree = "<group>"; };
		104C6A2320324EE700B37EAA /* Info.plist */ = {isa = PBXFileReference; lastKnownFileType = text.plist.xml; path = Info.plist; sourceTree = "<group>"; };
		104C6A2820324EE700B37EAA /* Brandon Martin First AppTests.xctest */ = {isa = PBXFileReference; explicitFileType = wrapper.cfbundle; includeInIndex = 0; path = "Brandon Martin First AppTests.xctest"; sourceTree = BUILT_PRODUCTS_DIR; };
		104C6A2C20324EE700B37EAA /* Brandon_Martin_First_AppTests.swift */ = {isa = PBXFileReference; lastKnownFileType = sourcecode.swift; path = Brandon_Martin_First_AppTests.swift; sourceTree = "<group>"; };
		104C6A2E20324EE700B37EAA /* Info.plist */ = {isa = PBXFileReference; lastKnownFileType = text.plist.xml; path = Info.plist; sourceTree = "<group>"; };
		104C6A3320324EE700B37EAA /* Brandon Martin First AppUITests.xctest */ = {isa = PBXFileReference; explicitFileType = wrapper.cfbundle; includeInIndex = 0; path = "Brandon Martin First AppUITests.xctest"; sourceTree = BUILT_PRODUCTS_DIR; };
		104C6A3720324EE700B37EAA /* Brandon_Martin_First_AppUITests.swift */ = {isa = PBXFileReference; lastKnownFileType = sourcecode.swift; path = Brandon_Martin_First_AppUITests.swift; sourceTree = "<group>"; };
		104C6A3920324EE700B37EAA /* Info.plist */ = {isa = PBXFileReference; lastKnownFileType = text.plist.xml; path = Info.plist; sourceTree = "<group>"; };
/* End PBXFileReference section */

/* Begin PBXFrameworksBuildPhase section */
		104C6A1120324EE600B37EAA /* Frameworks */ = {
			isa = PBXFrameworksBuildPhase;
			buildActionMask = 2147483647;
			files = (
			);
			runOnlyForDeploymentPostprocessing = 0;
		};
		104C6A2520324EE700B37EAA /* Frameworks */ = {
			isa = PBXFrameworksBuildPhase;
			buildActionMask = 2147483647;
			files = (
			);
			runOnlyForDeploymentPostprocessing = 0;
		};
		104C6A3020324EE700B37EAA /* Frameworks */ = {
			isa = PBXFrameworksBuildPhase;
			buildActionMask = 2147483647;
			files = (
			);
			runOnlyForDeploymentPostprocessing = 0;
		};
/* End PBXFrameworksBuildPhase section */

/* Begin PBXGroup section */
		104C6A0B20324EE600B37EAA = {
			isa = PBXGroup;
			children = (
				104C6A1620324EE700B37EAA /* Brandon Martin First App */,
				104C6A2B20324EE700B37EAA /* Brandon Martin First AppTests */,
				104C6A3620324EE700B37EAA /* Brandon Martin First AppUITests */,
				104C6A1520324EE700B37EAA /* Products */,
			);
			sourceTree = "<group>";
		};
		104C6A1520324EE700B37EAA /* Products */ = {
			isa = PBXGroup;
			children = (
				104C6A1420324EE700B37EAA /* Brandon Martin First App.app */,
				104C6A2820324EE700B37EAA /* Brandon Martin First AppTests.xctest */,
				104C6A3320324EE700B37EAA /* Brandon Martin First AppUITests.xctest */,
			);
			name = Products;
			sourceTree = "<group>";
		};
		104C6A1620324EE700B37EAA /* Brandon Martin First App */ = {
			isa = PBXGroup;
			children = (
				104C6A1720324EE700B37EAA /* AppDelegate.swift */,
				104C6A1920324EE700B37EAA /* ViewController.swift */,
				104C6A1B20324EE700B37EAA /* Main.storyboard */,
				104C6A1E20324EE700B37EAA /* Assets.xcassets */,
				104C6A2020324EE700B37EAA /* LaunchScreen.storyboard */,
				104C6A2320324EE700B37EAA /* Info.plist */,
			);
			path = "Brandon Martin First App";
			sourceTree = "<group>";
		};
		104C6A2B20324EE700B37EAA /* Brandon Martin First AppTests */ = {
			isa = PBXGroup;
			children = (
				104C6A2C20324EE700B37EAA /* Brandon_Martin_First_AppTests.swift */,
				104C6A2E20324EE700B37EAA /* Info.plist */,
			);
			path = "Brandon Martin First AppTests";
			sourceTree = "<group>";
		};
		104C6A3620324EE700B37EAA /* Brandon Martin First AppUITests */ = {
			isa = PBXGroup;
			children = (
				104C6A3720324EE700B37EAA /* Brandon_Martin_First_AppUITests.swift */,
				104C6A3920324EE700B37EAA /* Info.plist */,
			);
			path = "Brandon Martin First AppUITests";
			sourceTree = "<group>";
		};
/* End PBXGroup section */

/* Begin PBXNativeTarget section */
		104C6A1320324EE600B37EAA /* Brandon Martin First App */ = {
			isa = PBXNativeTarget;
			buildConfigurationList = 104C6A3C20324EE700B37EAA /* Build configuration list for PBXNativeTarget "Brandon Martin First App" */;
			buildPhases = (
				104C6A1020324EE600B37EAA /* Sources */,
				104C6A1120324EE600B37EAA /* Frameworks */,
				104C6A1220324EE600B37EAA /* Resources */,
			);
			buildRules = (
			);
			dependencies = (
			);
			name = "Brandon Martin First App";
			productName = "Brandon Martin First App";
			productReference = 104C6A1420324EE700B37EAA /* Brandon Martin First App.app */;
			productType = "com.apple.product-type.application";
		};
		104C6A2720324EE700B37EAA /* Brandon Martin First AppTests */ = {
			isa = PBXNativeTarget;
			buildConfigurationList = 104C6A3F20324EE700B37EAA /* Build configuration list for PBXNativeTarget "Brandon Martin First AppTests" */;
			buildPhases = (
				104C6A2420324EE700B37EAA /* Sources */,
				104C6A2520324EE700B37EAA /* Frameworks */,
				104C6A2620324EE700B37EAA /* Resources */,
			);
			buildRules = (
			);
			dependencies = (
				104C6A2A20324EE700B37EAA /* PBXTargetDependency */,
			);
			name = "Brandon Martin First AppTests";
			productName = "Brandon Martin First AppTests";
			productReference = 104C6A2820324EE700B37EAA /* Brandon Martin First AppTests.xctest */;
			productType = "com.apple.product-type.bundle.unit-test";
		};
		104C6A3220324EE700B37EAA /* Brandon Martin First AppUITests */ = {
			isa = PBXNativeTarget;
			buildConfigurationList = 104C6A4220324EE700B37EAA /* Build configuration list for PBXNativeTarget "Brandon Martin First AppUITests" */;
			buildPhases = (
				104C6A2F20324EE700B37EAA /* Sources */,
				104C6A3020324EE700B37EAA /* Frameworks */,
				104C6A3120324EE700B37EAA /* Resources */,
			);
			buildRules = (
			);
			dependencies = (
				104C6A3520324EE700B37EAA /* PBXTargetDependency */,
			);
			name = "Brandon Martin First AppUITests";
			productName = "Brandon Martin First AppUITests";
			productReference = 104C6A3320324EE700B37EAA /* Brandon Martin First AppUITests.xctest */;
			productType = "com.apple.product-type.bundle.ui-testing";
		};
/* End PBXNativeTarget section */

/* Begin PBXProject section */
		104C6A0C20324EE600B37EAA /* Project object */ = {
			isa = PBXProject;
			attributes = {
				LastSwiftUpdateCheck = 0920;
				LastUpgradeCheck = 0920;
				ORGANIZATIONNAME = "Brandon Martin";
				TargetAttributes = {
					104C6A1320324EE600B37EAA = {
						CreatedOnToolsVersion = 9.2;
						ProvisioningStyle = Automatic;
					};
					104C6A2720324EE700B37EAA = {
						CreatedOnToolsVersion = 9.2;
						ProvisioningStyle = Automatic;
						TestTargetID = 104C6A1320324EE600B37EAA;
					};
					104C6A3220324EE700B37EAA = {
						CreatedOnToolsVersion = 9.2;
						ProvisioningStyle = Automatic;
						TestTargetID = 104C6A1320324EE600B37EAA;
					};
				};
			};
			buildConfigurationList = 104C6A0F20324EE600B37EAA /* Build configuration list for PBXProject "Brandon Martin First App" */;
			compatibilityVersion = "Xcode 8.0";
			developmentRegion = en;
			hasScannedForEncodings = 0;
			knownRegions = (
				en,
				Base,
			);
			mainGroup = 104C6A0B20324EE600B37EAA;
			productRefGroup = 104C6A1520324EE700B37EAA /* Products */;
			projectDirPath = "";
			projectRoot = "";
			targets = (
				104C6A1320324EE600B37EAA /* Brandon Martin First App */,
				104C6A2720324EE700B37EAA /* Brandon Martin First AppTests */,
				104C6A3220324EE700B37EAA /* Brandon Martin First AppUITests */,
			);
		};
/* End PBXProject section */

/* Begin PBXResourcesBuildPhase section */
		104C6A1220324EE600B37EAA /* Resources */ = {
			isa = PBXResourcesBuildPhase;
			buildActionMask = 2147483647;
			files = (
				104C6A2220324EE700B37EAA /* LaunchScreen.storyboard in Resources */,
				104C6A1F20324EE700B37EAA /* Assets.xcassets in Resources */,
				104C6A1D20324EE700B37EAA /* Main.storyboard in Resources */,
			);
			runOnlyForDeploymentPostprocessing = 0;
		};
		104C6A2620324EE700B37EAA /* Resources */ = {
			isa = PBXResourcesBuildPhase;
			buildActionMask = 2147483647;
			files = (
			);
			runOnlyForDeploymentPostprocessing = 0;
		};
		104C6A3120324EE700B37EAA /* Resources */ = {
			isa = PBXResourcesBuildPhase;
			buildActionMask = 2147483647;
			files = (
			);
			runOnlyForDeploymentPostprocessing = 0;
		};
/* End PBXResourcesBuildPhase section */

/* Begin PBXSourcesBuildPhase section */
		104C6A1020324EE600B37EAA /* Sources */ = {
			isa = PBXSourcesBuildPhase;
			buildActionMask = 2147483647;
			files = (
				104C6A1A20324EE700B37EAA /* ViewController.swift in Sources */,
				104C6A1820324EE700B37EAA /* AppDelegate.swift in Sources */,
			);
			runOnlyForDeploymentPostprocessing = 0;
		};
		104C6A2420324EE700B37EAA /* Sources */ = {
			isa = PBXSourcesBuildPhase;
			buildActionMask = 2147483647;
			files = (
				104C6A2D20324EE700B37EAA /* Brandon_Martin_First_AppTests.swift in Sources */,
			);
			runOnlyForDeploymentPostprocessing = 0;
		};
		104C6A2F20324EE700B37EAA /* Sources */ = {
			isa = PBXSourcesBuildPhase;
			buildActionMask = 2147483647;
			files = (
				104C6A3820324EE700B37EAA /* Brandon_Martin_First_AppUITests.swift in Sources */,
			);
			runOnlyForDeploymentPostprocessing = 0;
		};
/* End PBXSourcesBuildPhase section */

/* Begin PBXTargetDependency section */
		104C6A2A20324EE700B37EAA /* PBXTargetDependency */ = {
			isa = PBXTargetDependency;
			target = 104C6A1320324EE600B37EAA /* Brandon Martin First App */;
			targetProxy = 104C6A2920324EE700B37EAA /* PBXContainerItemProxy */;
		};
		104C6A3520324EE700B37EAA /* PBXTargetDependency */ = {
			isa = PBXTargetDependency;
			target = 104C6A1320324EE600B37EAA /* Brandon Martin First App */;
			targetProxy = 104C6A3420324EE700B37EAA /* PBXContainerItemProxy */;
		};
/* End PBXTargetDependency section */

/* Begin PBXVariantGroup section */
		104C6A1B20324EE700B37EAA /* Main.storyboard */ = {
			isa = PBXVariantGroup;
			children = (
				104C6A1C20324EE700B37EAA /* Base */,
			);
			name = Main.storyboard;
			sourceTree = "<group>";
		};
		104C6A2020324EE700B37EAA /* LaunchScreen.storyboard */ = {
			isa = PBXVariantGroup;
			children = (
				104C6A2120324EE700B37EAA /* Base */,
			);
			name = LaunchScreen.storyboard;
			sourceTree = "<group>";
		};
/* End PBXVariantGroup section */

/* Begin XCBuildConfiguration section */
		104C6A3A20324EE700B37EAA /* Debug */ = {
			isa = XCBuildConfiguration;
			buildSettings = {
				ALWAYS_SEARCH_USER_PATHS = NO;
				CLANG_ANALYZER_NONNULL = YES;
				CLANG_ANALYZER_NUMBER_OBJECT_CONVERSION = YES_AGGRESSIVE;
				CLANG_CXX_LANGUAGE_STANDARD = "gnu++14";
				CLANG_CXX_LIBRARY = "libc++";
				CLANG_ENABLE_MODULES = YES;
				CLANG_ENABLE_OBJC_ARC = YES;
				CLANG_WARN_BLOCK_CAPTURE_AUTORELEASING = YES;
				CLANG_WARN_BOOL_CONVERSION = YES;
				CLANG_WARN_COMMA = YES;
				CLANG_WARN_CONSTANT_CONVERSION = YES;
				CLANG_WARN_DIRECT_OBJC_ISA_USAGE = YES_ERROR;
				CLANG_WARN_DOCUMENTATION_COMMENTS = YES;
				CLANG_WARN_EMPTY_BODY = YES;
				CLANG_WARN_ENUM_CONVERSION = YES;
				CLANG_WARN_INFINITE_RECURSION = YES;
				CLANG_WARN_INT_CONVERSION = YES;
				CLANG_WARN_NON_LITERAL_NULL_CONVERSION = YES;
				CLANG_WARN_OBJC_LITERAL_CONVERSION = YES;
				CLANG_WARN_OBJC_ROOT_CLASS = YES_ERROR;
				CLANG_WARN_RANGE_LOOP_ANALYSIS = YES;
				CLANG_WARN_STRICT_PROTOTYPES = YES;
				CLANG_WARN_SUSPICIOUS_MOVE = YES;
				CLANG_WARN_UNGUARDED_AVAILABILITY = YES_AGGRESSIVE;
				CLANG_WARN_UNREACHABLE_CODE = YES;
				CLANG_WARN__DUPLICATE_METHOD_MATCH = YES;
				CODE_SIGN_IDENTITY = "iPhone Developer";
				COPY_PHASE_STRIP = NO;
				DEBUG_INFORMATION_FORMAT = dwarf;
				ENABLE_STRICT_OBJC_MSGSEND = YES;
				ENABLE_TESTABILITY = YES;
				GCC_C_LANGUAGE_STANDARD = gnu11;
				GCC_DYNAMIC_NO_PIC = NO;
				GCC_NO_COMMON_BLOCKS = YES;
				GCC_OPTIMIZATION_LEVEL = 0;
				GCC_PREPROCESSOR_DEFINITIONS = (
					"DEBUG=1",
					"$(inherited)",
				);
				GCC_WARN_64_TO_32_BIT_CONVERSION = YES;
				GCC_WARN_ABOUT_RETURN_TYPE = YES_ERROR;
				GCC_WARN_UNDECLARED_SELECTOR = YES;
				GCC_WARN_UNINITIALIZED_AUTOS = YES_AGGRESSIVE;
				GCC_WARN_UNUSED_FUNCTION = YES;
				GCC_WARN_UNUSED_VARIABLE = YES;
				IPHONEOS_DEPLOYMENT_TARGET = 11.2;
				MTL_ENABLE_DEBUG_INFO = YES;
				ONLY_ACTIVE_ARCH = YES;
				SDKROOT = iphoneos;
				SWIFT_ACTIVE_COMPILATION_CONDITIONS = DEBUG;
				SWIFT_OPTIMIZATION_LEVEL = "-Onone";
			};
			name = Debug;
		};
		104C6A3B20324EE700B37EAA /* Release */ = {
			isa = XCBuildConfiguration;
			buildSettings = {
				ALWAYS_SEARCH_USER_PATHS = NO;
				CLANG_ANALYZER_NONNULL = YES;
				CLANG_ANALYZER_NUMBER_OBJECT_CONVERSION = YES_AGGRESSIVE;
				CLANG_CXX_LANGUAGE_STANDARD = "gnu++14";
				CLANG_CXX_LIBRARY = "libc++";
				CLANG_ENABLE_MODULES = YES;
				CLANG_ENABLE_OBJC_ARC = YES;
				CLANG_WARN_BLOCK_CAPTURE_AUTORELEASING = YES;
				CLANG_WARN_BOOL_CONVERSION = YES;
				CLANG_WARN_COMMA = YES;
				CLANG_WARN_CONSTANT_CONVERSION = YES;
				CLANG_WARN_DIRECT_OBJC_ISA_USAGE = YES_ERROR;
				CLANG_WARN_DOCUMENTATION_COMMENTS = YES;
				CLANG_WARN_EMPTY_BODY = YES;
				CLANG_WARN_ENUM_CONVERSION = YES;
				CLANG_WARN_INFINITE_RECURSION = YES;
				CLANG_WARN_INT_CONVERSION = YES;
				CLANG_WARN_NON_LITERAL_NULL_CONVERSION = YES;
				CLANG_WARN_OBJC_LITERAL_CONVERSION = YES;
				CLANG_WARN_OBJC_ROOT_CLASS = YES_ERROR;
				CLANG_WARN_RANGE_LOOP_ANALYSIS = YES;
				CLANG_WARN_STRICT_PROTOTYPES = YES;
				CLANG_WARN_SUSPICIOUS_MOVE = YES;
				CLANG_WARN_UNGUARDED_AVAILABILITY = YES_AGGRESSIVE;
				CLANG_WARN_UNREACHABLE_CODE = YES;
				CLANG_WARN__DUPLICATE_METHOD_MATCH = YES;
				CODE_SIGN_IDENTITY = "iPhone Developer";
				COPY_PHASE_STRIP = NO;
				DEBUG_INFORMATION_FORMAT = "dwarf-with-dsym";
				ENABLE_NS_ASSERTIONS = NO;
				ENABLE_STRICT_OBJC_MSGSEND = YES;
				GCC_C_LANGUAGE_STANDARD = gnu11;
				GCC_NO_COMMON_BLOCKS = YES;
				GCC_WARN_64_TO_32_BIT_CONVERSION = YES;
				GCC_WARN_ABOUT_RETURN_TYPE = YES_ERROR;
				GCC_WARN_UNDECLARED_SELECTOR = YES;
				GCC_WARN_UNINITIALIZED_AUTOS = YES_AGGRESSIVE;
				GCC_WARN_UNUSED_FUNCTION = YES;
				GCC_WARN_UNUSED_VARIABLE = YES;
				IPHONEOS_DEPLOYMENT_TARGET = 11.2;
				MTL_ENABLE_DEBUG_INFO = NO;
				SDKROOT = iphoneos;
				SWIFT_OPTIMIZATION_LEVEL = "-Owholemodule";
				VALIDATE_PRODUCT = YES;
			};
			name = Release;
		};
		104C6A3D20324EE700B37EAA /* Debug */ = {
			isa = XCBuildConfiguration;
			buildSettings = {
				ASSETCATALOG_COMPILER_APPICON_NAME = AppIcon;
				CODE_SIGN_STYLE = Automatic;
				INFOPLIST_FILE = "Brandon Martin First App/Info.plist";
				LD_RUNPATH_SEARCH_PATHS = "$(inherited) @executable_path/Frameworks";
				PRODUCT_BUNDLE_IDENTIFIER = "App.Brandon-Martin-First-App";
				PRODUCT_NAME = "$(TARGET_NAME)";
				SWIFT_VERSION = 4.0;
				TARGETED_DEVICE_FAMILY = "1,2";
			};
			name = Debug;
		};
		104C6A3E20324EE700B37EAA /* Release */ = {
			isa = XCBuildConfiguration;
			buildSettings = {
				ASSETCATALOG_COMPILER_APPICON_NAME = AppIcon;
				CODE_SIGN_STYLE = Automatic;
				INFOPLIST_FILE = "Brandon Martin First App/Info.plist";
				LD_RUNPATH_SEARCH_PATHS = "$(inherited) @executable_path/Frameworks";
				PRODUCT_BUNDLE_IDENTIFIER = "App.Brandon-Martin-First-App";
				PRODUCT_NAME = "$(TARGET_NAME)";
				SWIFT_VERSION = 4.0;
				TARGETED_DEVICE_FAMILY = "1,2";
			};
			name = Release;
		};
		104C6A4020324EE700B37EAA /* Debug */ = {
			isa = XCBuildConfiguration;
			buildSettings = {
				ALWAYS_EMBED_SWIFT_STANDARD_LIBRARIES = YES;
				BUNDLE_LOADER = "$(TEST_HOST)";
				CODE_SIGN_STYLE = Automatic;
				INFOPLIST_FILE = "Brandon Martin First AppTests/Info.plist";
				LD_RUNPATH_SEARCH_PATHS = "$(inherited) @executable_path/Frameworks @loader_path/Frameworks";
				PRODUCT_BUNDLE_IDENTIFIER = "App.Brandon-Martin-First-AppTests";
				PRODUCT_NAME = "$(TARGET_NAME)";
				SWIFT_VERSION = 4.0;
				TARGETED_DEVICE_FAMILY = "1,2";
				TEST_HOST = "$(BUILT_PRODUCTS_DIR)/Brandon Martin First App.app/Brandon Martin First App";
			};
			name = Debug;
		};
		104C6A4120324EE700B37EAA /* Release */ = {
			isa = XCBuildConfiguration;
			buildSettings = {
				ALWAYS_EMBED_SWIFT_STANDARD_LIBRARIES = YES;
				BUNDLE_LOADER = "$(TEST_HOST)";
				CODE_SIGN_STYLE = Automatic;
				INFOPLIST_FILE = "Brandon Martin First AppTests/Info.plist";
				LD_RUNPATH_SEARCH_PATHS = "$(inherited) @executable_path/Frameworks @loader_path/Frameworks";
				PRODUCT_BUNDLE_IDENTIFIER = "App.Brandon-Martin-First-AppTests";
				PRODUCT_NAME = "$(TARGET_NAME)";
				SWIFT_VERSION = 4.0;
				TARGETED_DEVICE_FAMILY = "1,2";
				TEST_HOST = "$(BUILT_PRODUCTS_DIR)/Brandon Martin First App.app/Brandon Martin First App";
			};
			name = Release;
		};
		104C6A4320324EE700B37EAA /* Debug */ = {
			isa = XCBuildConfiguration;
			buildSettings = {
				ALWAYS_EMBED_SWIFT_STANDARD_LIBRARIES = YES;
				CODE_SIGN_STYLE = Automatic;
				INFOPLIST_FILE = "Brandon Martin First AppUITests/Info.plist";
				LD_RUNPATH_SEARCH_PATHS = "$(inherited) @executable_path/Frameworks @loader_path/Frameworks";
				PRODUCT_BUNDLE_IDENTIFIER = "App.Brandon-Martin-First-AppUITests";
				PRODUCT_NAME = "$(TARGET_NAME)";
				SWIFT_VERSION = 4.0;
				TARGETED_DEVICE_FAMILY = "1,2";
				TEST_TARGET_NAME = "Brandon Martin First App";
			};
			name = Debug;
		};
		104C6A4420324EE700B37EAA /* Release */ = {
			isa = XCBuildConfiguration;
			buildSettings = {
				ALWAYS_EMBED_SWIFT_STANDARD_LIBRARIES = YES;
				CODE_SIGN_STYLE = Automatic;
				INFOPLIST_FILE = "Brandon Martin First AppUITests/Info.plist";
				LD_RUNPATH_SEARCH_PATHS = "$(inherited) @executable_path/Frameworks @loader_path/Frameworks";
				PRODUCT_BUNDLE_IDENTIFIER = "App.Brandon-Martin-First-AppUITests";
				PRODUCT_NAME = "$(TARGET_NAME)";
				SWIFT_VERSION = 4.0;
				TARGETED_DEVICE_FAMILY = "1,2";
				TEST_TARGET_NAME = "Brandon Martin First App";
			};
			name = Release;
		};
/* End XCBuildConfiguration section */

/* Begin XCConfigurationList section */
		104C6A0F20324EE600B37EAA /* Build configuration list for PBXProject "Brandon Martin First App" */ = {
			isa = XCConfigurationList;
			buildConfigurations = (
				104C6A3A20324EE700B37EAA /* Debug */,
				104C6A3B20324EE700B37EAA /* Release */,
			);
			defaultConfigurationIsVisible = 0;
			defaultConfigurationName = Release;
		};
		104C6A3C20324EE700B37EAA /* Build configuration list for PBXNativeTarget "Brandon Martin First App" */ = {
			isa = XCConfigurationList;
			buildConfigurations = (
				104C6A3D20324EE700B37EAA /* Debug */,
				104C6A3E20324EE700B37EAA /* Release */,
			);
			defaultConfigurationIsVisible = 0;
			defaultConfigurationName = Release;
		};
		104C6A3F20324EE700B37EAA /* Build configuration list for PBXNativeTarget "Brandon Martin First AppTests" */ = {
			isa = XCConfigurationList;
			buildConfigurations = (
				104C6A4020324EE700B37EAA /* Debug */,
				104C6A4120324EE700B37EAA /* Release */,
			);
			defaultConfigurationIsVisible = 0;
			defaultConfigurationName = Release;
		};
		104C6A4220324EE700B37EAA /* Build configuration list for PBXNativeTarget "Brandon Martin First AppUITests" */ = {
			isa = XCConfigurationList;
			buildConfigurations = (
				104C6A4320324EE700B37EAA /* Debug */,
				104C6A4420324EE700B37EAA /* Release */,
			);
			defaultConfigurationIsVisible = 0;
			defaultConfigurationName = Release;
		};
/* End XCConfigurationList section */
	};
	rootObject = 104C6A0C20324EE600B37EAA /* Project object */;
}
